{
    "_meta": {
        "hash": {
            "sha256": "fb75999e1f99482384d292696145cc11e583e65ab7fb77df2c01773abc80e61d"
        },
        "pipfile-spec": 6,
        "requires": {
            "python_version": "3.6"
        },
        "sources": [
            {
                "name": "pypi",
                "url": "https://pypi.org/simple",
                "verify_ssl": true
            }
        ]
    },
    "default": {
        "defectdojo-openapi": {
            "git": "https://github.com/William-Hill-Online/defectdojo-api-swagger.git",
            "ref": "778c19e86f1036fa613b51a9290a6c78013aa042"
        }
    },
    "develop": {}
}
