{
    "_meta": {
        "hash": {
            "sha256": "870fa993e78889aedb2a24d52be252d231558df88406ac8fac3d69d30a341467"
        },
        "pipfile-spec": 6,
        "requires": {
            "python_version": "3.6"
        },
        "sources": [
            {
                "name": "pypi",
                "url": "https://pypi.org/simple",
                "verify_ssl": true
            }
        ]
    },
    "default": {
        "defectdojo-api-swagger": {
            "git": "https://github.com/William-Hill-Online/defectdojo-api-swagger.git",
            "ref": "6991eee492145d690b4cf3ae2611a264a089d1ed"
        }
    },
    "develop": {}
}
